{
  "requires": true,
  "lockfileVersion": 1,
  "dependencies": {
    "claygl": {
      "version": "1.3.0",
      "resolved": "https://registry.npmjs.org/claygl/-/claygl-1.3.0.tgz",
      "integrity": "sha512-+gGtJjT6SSHD2l2yC3MCubW/sCV40tZuSs5opdtn79vFSGUgp/lH139RNEQ6Jy078/L0aV8odCw8RSrUcMfLaQ=="
    },
    "echarts-gl": {
      "version": "2.0.1",
      "resolved": "https://registry.npmjs.org/echarts-gl/-/echarts-gl-2.0.1.tgz",
      "integrity": "sha512-sJyKUcSaalwzr+d0kskO7VjIKDXwnudnRiMS/Na6gvqx8yE7hAdLy9nna66ECEBipSUei2Y4D4PkofKbAxV+lw==",
      "requires": {
        "claygl": "^1.2.1",
        "zrender": "^5.0.3"
      }
    },
    "tslib": {
      "version": "2.0.3",
      "resolved": "https://registry.npmjs.org/tslib/-/tslib-2.0.3.tgz",
      "integrity": "sha512-uZtkfKblCEQtZKBF6EBXVZeQNl82yqtDQdv+eck8u7tdPxjLu2/lp5/uPW+um2tpuxINHWy3GhiccY7QgEaVHQ=="
    },
    "zrender": {
      "version": "5.0.3",
      "resolved": "https://registry.npmjs.org/zrender/-/zrender-5.0.3.tgz",
      "integrity": "sha512-TVcN2IMdo7je3GEq/E4CER4AGBe/n50/izILdupppyHf/hVHuiXCRliqdu8+32Z1OmGg6RfKt5qQlkX+bOtU0g==",
      "requires": {
        "tslib": "2.0.3"
      }
    }
  }
}
